
Microsoft Visual Studio Solution File, Format Version 12.00
# Visual Studio Version 17
VisualStudioVersion = 17.3.32804.467
MinimumVisualStudioVersion = 10.0.40219.1
Project("{2150E333-8FDC-42A3-9474-1A3956D46DE8}") = "1. Presentation", "1. Presentation", "{5E516E2B-9899-4095-A545-4D9B3B784A4A}"
EndProject
Project("{2150E333-8FDC-42A3-9474-1A3956D46DE8}") = "1.1 API", "1.1 API", "{E3E290A9-2984-44B1-9003-6FAE914F963A}"
EndProject
Project("{2150E333-8FDC-42A3-9474-1A3956D46DE8}") = "2. Domain", "2. Domain", "{A07D72ED-5282-4F26-A875-906F72EAEA58}"
EndProject
Project("{2150E333-8FDC-42A3-9474-1A3956D46DE8}") = "3. Infrastructure", "3. Infrastructure", "{D27D803D-E3F4-4701-AF6D-8344D530289F}"
EndProject
Project("{2150E333-8FDC-42A3-9474-1A3956D46DE8}") = "4. Test", "4. Test", "{37B52684-8289-470D-8470-87399F90223B}"
EndProject
Project("{2150E333-8FDC-42A3-9474-1A3956D46DE8}") = "3.2 Repositories", "3.2 Repositories", "{D5100C1D-2A41-434D-82D6-CC9A36768C8A}"
EndProject
Project("{2150E333-8FDC-42A3-9474-1A3956D46DE8}") = "3.1 Services", "3.1 Services", "{E66F97D9-38D0-4BD7-85D9-912BF20FB019}"
EndProject
Project("{9A19103F-16F7-4668-BE54-9A1E7A4F7556}") = "NLBank.Infra.Service.Account", "NLBank.Infra.Services.Account\NLBank.Infra.Service.Account.csproj", "{51276E0F-F64A-4FE6-9C96-1BA585576A0A}"
EndProject
Project("{9A19103F-16F7-4668-BE54-9A1E7A4F7556}") = "NLBank.Infra.Repository.Account", "NLBank.Infra.Repository.Account\NLBank.Infra.Repository.Account.csproj", "{DE87FDAC-1E54-4987-A819-3F71570A5C2B}"
EndProject
Project("{9A19103F-16F7-4668-BE54-9A1E7A4F7556}") = "NLBank.Infra.Service.Customer", "NLBank.Infra.Service.Customer\NLBank.Infra.Service.Customer.csproj", "{14657986-C815-4CFA-9F9C-E58EED5EA5EC}"
EndProject
Project("{9A19103F-16F7-4668-BE54-9A1E7A4F7556}") = "NLBank.Infra.Service.Transaction", "NLBank.Infra.Service.Transaction\NLBank.Infra.Service.Transaction.csproj", "{02E4B052-1F42-427D-B266-A2E678E90CAD}"
EndProject
Project("{9A19103F-16F7-4668-BE54-9A1E7A4F7556}") = "NLBank.Infra.Service.Bank", "NLBank.Infra.Service.Bank\NLBank.Infra.Service.Bank.csproj", "{B8471663-88F7-443B-9578-E3DD0D5A4889}"
EndProject
Project("{9A19103F-16F7-4668-BE54-9A1E7A4F7556}") = "NLBank.Infra.Repository.Bank", "NLBank.Infra.Repository.Bank\NLBank.Infra.Repository.Bank.csproj", "{A5F9DDBA-4130-4F07-A73A-9D9FD6EDD826}"
EndProject
Project("{9A19103F-16F7-4668-BE54-9A1E7A4F7556}") = "NLBank.Infra.Repository.Customer", "NLBank.Infra.Repository.Customer\NLBank.Infra.Repository.Customer.csproj", "{B45F6688-9663-49E2-B74F-DD6E4638813C}"
EndProject
Project("{9A19103F-16F7-4668-BE54-9A1E7A4F7556}") = "NLBank.Infra.Repository.Transaction", "NLBank.Infra.Repository.Transaction\NLBank.Infra.Repository.Transaction.csproj", "{4209663C-8474-4BFB-8160-036EDDDCE454}"
EndProject
Project("{9A19103F-16F7-4668-BE54-9A1E7A4F7556}") = "NLBank.Domain", "NLBank.Domain\NLBank.Domain.csproj", "{D87D8F2B-DCA6-4533-9F41-72568F065D00}"
EndProject
Project("{9A19103F-16F7-4668-BE54-9A1E7A4F7556}") = "NLBank.UnitTest", "NLBank.UnitTest\NLBank.UnitTest.csproj", "{F646D813-F6ED-4A23-8D80-46BAD467DE5C}"
EndProject
Project("{2150E333-8FDC-42A3-9474-1A3956D46DE8}") = "3.3 ExternalIntegration", "3.3 ExternalIntegration", "{0C0FB6EE-3B0D-487A-AF0A-604689574DE3}"
EndProject
Project("{9A19103F-16F7-4668-BE54-9A1E7A4F7556}") = "NLBank.Infra.ExternalIntegration.Randomiban", "NLBank.Infra.ExternalIntegration.Randomiban\NLBank.Infra.ExternalIntegration.Randomiban.csproj", "{B6BD21AF-C584-4DC3-9BBB-41775E446177}"
EndProject
Project("{9A19103F-16F7-4668-BE54-9A1E7A4F7556}") = "NLBank.Infra.Services", "NLBank.Infra.Services\NLBank.Infra.Services.csproj", "{93BB0BF0-B04A-4F69-8D83-2A29E696C1A9}"
EndProject
Project("{FAE04EC0-301F-11D3-BF4B-00C04F79EFBC}") = "NLBank.Api", "NLBank.Api\NLBank.Api.csproj", "{B7C4F1FF-3CB9-40A9-99D5-D75CC2D0041A}"
EndProject
Global
	GlobalSection(SolutionConfigurationPlatforms) = preSolution
		Debug|Any CPU = Debug|Any CPU
		Release|Any CPU = Release|Any CPU
	EndGlobalSection
	GlobalSection(ProjectConfigurationPlatforms) = postSolution
		{51276E0F-F64A-4FE6-9C96-1BA585576A0A}.Debug|Any CPU.ActiveCfg = Debug|Any CPU
		{51276E0F-F64A-4FE6-9C96-1BA585576A0A}.Debug|Any CPU.Build.0 = Debug|Any CPU
		{51276E0F-F64A-4FE6-9C96-1BA585576A0A}.Release|Any CPU.ActiveCfg = Release|Any CPU
		{51276E0F-F64A-4FE6-9C96-1BA585576A0A}.Release|Any CPU.Build.0 = Release|Any CPU
		{DE87FDAC-1E54-4987-A819-3F71570A5C2B}.Debug|Any CPU.ActiveCfg = Debug|Any CPU
		{DE87FDAC-1E54-4987-A819-3F71570A5C2B}.Debug|Any CPU.Build.0 = Debug|Any CPU
		{DE87FDAC-1E54-4987-A819-3F71570A5C2B}.Release|Any CPU.ActiveCfg = Release|Any CPU
		{DE87FDAC-1E54-4987-A819-3F71570A5C2B}.Release|Any CPU.Build.0 = Release|Any CPU
		{14657986-C815-4CFA-9F9C-E58EED5EA5EC}.Debug|Any CPU.ActiveCfg = Debug|Any CPU
		{14657986-C815-4CFA-9F9C-E58EED5EA5EC}.Debug|Any CPU.Build.0 = Debug|Any CPU
		{14657986-C815-4CFA-9F9C-E58EED5EA5EC}.Release|Any CPU.ActiveCfg = Release|Any CPU
		{14657986-C815-4CFA-9F9C-E58EED5EA5EC}.Release|Any CPU.Build.0 = Release|Any CPU
		{02E4B052-1F42-427D-B266-A2E678E90CAD}.Debug|Any CPU.ActiveCfg = Debug|Any CPU
		{02E4B052-1F42-427D-B266-A2E678E90CAD}.Debug|Any CPU.Build.0 = Debug|Any CPU
		{02E4B052-1F42-427D-B266-A2E678E90CAD}.Release|Any CPU.ActiveCfg = Release|Any CPU
		{02E4B052-1F42-427D-B266-A2E678E90CAD}.Release|Any CPU.Build.0 = Release|Any CPU
		{B8471663-88F7-443B-9578-E3DD0D5A4889}.Debug|Any CPU.ActiveCfg = Debug|Any CPU
		{B8471663-88F7-443B-9578-E3DD0D5A4889}.Debug|Any CPU.Build.0 = Debug|Any CPU
		{B8471663-88F7-443B-9578-E3DD0D5A4889}.Release|Any CPU.ActiveCfg = Release|Any CPU
		{B8471663-88F7-443B-9578-E3DD0D5A4889}.Release|Any CPU.Build.0 = Release|Any CPU
		{A5F9DDBA-4130-4F07-A73A-9D9FD6EDD826}.Debug|Any CPU.ActiveCfg = Debug|Any CPU
		{A5F9DDBA-4130-4F07-A73A-9D9FD6EDD826}.Debug|Any CPU.Build.0 = Debug|Any CPU
		{A5F9DDBA-4130-4F07-A73A-9D9FD6EDD826}.Release|Any CPU.ActiveCfg = Release|Any CPU
		{A5F9DDBA-4130-4F07-A73A-9D9FD6EDD826}.Release|Any CPU.Build.0 = Release|Any CPU
		{B45F6688-9663-49E2-B74F-DD6E4638813C}.Debug|Any CPU.ActiveCfg = Debug|Any CPU
		{B45F6688-9663-49E2-B74F-DD6E4638813C}.Debug|Any CPU.Build.0 = Debug|Any CPU
		{B45F6688-9663-49E2-B74F-DD6E4638813C}.Release|Any CPU.ActiveCfg = Release|Any CPU
		{B45F6688-9663-49E2-B74F-DD6E4638813C}.Release|Any CPU.Build.0 = Release|Any CPU
		{4209663C-8474-4BFB-8160-036EDDDCE454}.Debug|Any CPU.ActiveCfg = Debug|Any CPU
		{4209663C-8474-4BFB-8160-036EDDDCE454}.Debug|Any CPU.Build.0 = Debug|Any CPU
		{4209663C-8474-4BFB-8160-036EDDDCE454}.Release|Any CPU.ActiveCfg = Release|Any CPU
		{4209663C-8474-4BFB-8160-036EDDDCE454}.Release|Any CPU.Build.0 = Release|Any CPU
		{D87D8F2B-DCA6-4533-9F41-72568F065D00}.Debug|Any CPU.ActiveCfg = Debug|Any CPU
		{D87D8F2B-DCA6-4533-9F41-72568F065D00}.Debug|Any CPU.Build.0 = Debug|Any CPU
		{D87D8F2B-DCA6-4533-9F41-72568F065D00}.Release|Any CPU.ActiveCfg = Release|Any CPU
		{D87D8F2B-DCA6-4533-9F41-72568F065D00}.Release|Any CPU.Build.0 = Release|Any CPU
		{F646D813-F6ED-4A23-8D80-46BAD467DE5C}.Debug|Any CPU.ActiveCfg = Debug|Any CPU
		{F646D813-F6ED-4A23-8D80-46BAD467DE5C}.Debug|Any CPU.Build.0 = Debug|Any CPU
		{F646D813-F6ED-4A23-8D80-46BAD467DE5C}.Release|Any CPU.ActiveCfg = Release|Any CPU
		{F646D813-F6ED-4A23-8D80-46BAD467DE5C}.Release|Any CPU.Build.0 = Release|Any CPU
		{B6BD21AF-C584-4DC3-9BBB-41775E446177}.Debug|Any CPU.ActiveCfg = Debug|Any CPU
		{B6BD21AF-C584-4DC3-9BBB-41775E446177}.Debug|Any CPU.Build.0 = Debug|Any CPU
		{B6BD21AF-C584-4DC3-9BBB-41775E446177}.Release|Any CPU.ActiveCfg = Release|Any CPU
		{B6BD21AF-C584-4DC3-9BBB-41775E446177}.Release|Any CPU.Build.0 = Release|Any CPU
		{93BB0BF0-B04A-4F69-8D83-2A29E696C1A9}.Debug|Any CPU.ActiveCfg = Debug|Any CPU
		{93BB0BF0-B04A-4F69-8D83-2A29E696C1A9}.Debug|Any CPU.Build.0 = Debug|Any CPU
		{93BB0BF0-B04A-4F69-8D83-2A29E696C1A9}.Release|Any CPU.ActiveCfg = Release|Any CPU
		{93BB0BF0-B04A-4F69-8D83-2A29E696C1A9}.Release|Any CPU.Build.0 = Release|Any CPU
		{B7C4F1FF-3CB9-40A9-99D5-D75CC2D0041A}.Debug|Any CPU.ActiveCfg = Debug|Any CPU
		{B7C4F1FF-3CB9-40A9-99D5-D75CC2D0041A}.Debug|Any CPU.Build.0 = Debug|Any CPU
		{B7C4F1FF-3CB9-40A9-99D5-D75CC2D0041A}.Release|Any CPU.ActiveCfg = Release|Any CPU
		{B7C4F1FF-3CB9-40A9-99D5-D75CC2D0041A}.Release|Any CPU.Build.0 = Release|Any CPU
	EndGlobalSection
	GlobalSection(SolutionProperties) = preSolution
		HideSolutionNode = FALSE
	EndGlobalSection
	GlobalSection(NestedProjects) = preSolution
		{E3E290A9-2984-44B1-9003-6FAE914F963A} = {5E516E2B-9899-4095-A545-4D9B3B784A4A}
		{D5100C1D-2A41-434D-82D6-CC9A36768C8A} = {D27D803D-E3F4-4701-AF6D-8344D530289F}
		{E66F97D9-38D0-4BD7-85D9-912BF20FB019} = {D27D803D-E3F4-4701-AF6D-8344D530289F}
		{51276E0F-F64A-4FE6-9C96-1BA585576A0A} = {E66F97D9-38D0-4BD7-85D9-912BF20FB019}
		{DE87FDAC-1E54-4987-A819-3F71570A5C2B} = {D5100C1D-2A41-434D-82D6-CC9A36768C8A}
		{14657986-C815-4CFA-9F9C-E58EED5EA5EC} = {E66F97D9-38D0-4BD7-85D9-912BF20FB019}
		{02E4B052-1F42-427D-B266-A2E678E90CAD} = {E66F97D9-38D0-4BD7-85D9-912BF20FB019}
		{B8471663-88F7-443B-9578-E3DD0D5A4889} = {E66F97D9-38D0-4BD7-85D9-912BF20FB019}
		{A5F9DDBA-4130-4F07-A73A-9D9FD6EDD826} = {D5100C1D-2A41-434D-82D6-CC9A36768C8A}
		{B45F6688-9663-49E2-B74F-DD6E4638813C} = {D5100C1D-2A41-434D-82D6-CC9A36768C8A}
		{4209663C-8474-4BFB-8160-036EDDDCE454} = {D5100C1D-2A41-434D-82D6-CC9A36768C8A}
		{D87D8F2B-DCA6-4533-9F41-72568F065D00} = {A07D72ED-5282-4F26-A875-906F72EAEA58}
		{F646D813-F6ED-4A23-8D80-46BAD467DE5C} = {37B52684-8289-470D-8470-87399F90223B}
		{0C0FB6EE-3B0D-487A-AF0A-604689574DE3} = {D27D803D-E3F4-4701-AF6D-8344D530289F}
		{B6BD21AF-C584-4DC3-9BBB-41775E446177} = {0C0FB6EE-3B0D-487A-AF0A-604689574DE3}
		{93BB0BF0-B04A-4F69-8D83-2A29E696C1A9} = {E66F97D9-38D0-4BD7-85D9-912BF20FB019}
		{B7C4F1FF-3CB9-40A9-99D5-D75CC2D0041A} = {E3E290A9-2984-44B1-9003-6FAE914F963A}
	EndGlobalSection
	GlobalSection(ExtensibilityGlobals) = postSolution
		SolutionGuid = {0AA5AAEB-7BEA-4922-A95A-4A00A2BAE843}
	EndGlobalSection
EndGlobal
